
Microsoft Visual Studio Solution File, Format Version 12.00
# Visual Studio Version 17
Project("{2150E333-8FDC-42A3-9474-1A3956D46DE8}") = "CMakePredefinedTargets", "CMakePredefinedTargets", "{E1B7E680-0CB1-3C68-9C67-480C22A0BC0D}"
EndProject
Project("{2150E333-8FDC-42A3-9474-1A3956D46DE8}") = "External", "External", "{31C4B3B8-6506-3C8C-A8A3-DBF011EA678E}"
EndProject
Project("{2150E333-8FDC-42A3-9474-1A3956D46DE8}") = "Internal", "Internal", "{36E75BC3-75C5-34A2-A1EE-BBA572E95A7C}"
EndProject
Project("{8BC9CEB8-8B4A-11D0-8D11-00A0C91BC942}") = "ALL_BUILD", "ALL_BUILD.vcxproj", "{9F16663A-E9D1-3BDF-8E8D-37A6688EE267}"
	ProjectSection(ProjectDependencies) = postProject
		{8F68526E-E186-3257-BEAC-749A3713717E} = {8F68526E-E186-3257-BEAC-749A3713717E}
		{9AACB421-B801-3C86-BA76-4D6DA120CF17} = {9AACB421-B801-3C86-BA76-4D6DA120CF17}
		{7DEAE145-8228-3FAE-9959-DC93CB44FD3E} = {7DEAE145-8228-3FAE-9959-DC93CB44FD3E}
		{503CA184-FC99-3F05-A620-3E726F3120E5} = {503CA184-FC99-3F05-A620-3E726F3120E5}
		{7F32AA89-8595-3AA4-A8D0-201DF6CEFA33} = {7F32AA89-8595-3AA4-A8D0-201DF6CEFA33}
		{BA1C5613-B6BF-3A7E-B22A-A8AD3F5CE325} = {BA1C5613-B6BF-3A7E-B22A-A8AD3F5CE325}
		{9851416B-EBAB-3054-A4A3-9FB570CBDA1A} = {9851416B-EBAB-3054-A4A3-9FB570CBDA1A}
		{44D36BA3-A005-30E8-AB4E-033545E83F9D} = {44D36BA3-A005-30E8-AB4E-033545E83F9D}
		{143549B5-466E-32C9-AD72-D0AE45D1B006} = {143549B5-466E-32C9-AD72-D0AE45D1B006}
		{4538640C-9BB2-3180-8843-891028E2CC28} = {4538640C-9BB2-3180-8843-891028E2CC28}
		{2D6DAAED-4B65-3949-80E2-0FE74532A65A} = {2D6DAAED-4B65-3949-80E2-0FE74532A65A}
		{5B9DC8FB-39AA-3178-90ED-03E6BBBBF00F} = {5B9DC8FB-39AA-3178-90ED-03E6BBBBF00F}
		{9B662987-626A-3419-8402-BD553FE7EE17} = {9B662987-626A-3419-8402-BD553FE7EE17}
	EndProjectSection
EndProject
Project("{8BC9CEB8-8B4A-11D0-8D11-00A0C91BC942}") = "ZERO_CHECK", "..\..\..\\ZERO_CHECK.vcxproj", "{8F68526E-E186-3257-BEAC-749A3713717E}"
	ProjectSection(ProjectDependencies) = postProject
	EndProjectSection
EndProject
Project("{8BC9CEB8-8B4A-11D0-8D11-00A0C91BC942}") = "cocos2d", "cocos2d.vcxproj", "{9AACB421-B801-3C86-BA76-4D6DA120CF17}"
	ProjectSection(ProjectDependencies) = postProject
		{8F68526E-E186-3257-BEAC-749A3713717E} = {8F68526E-E186-3257-BEAC-749A3713717E}
		{7DEAE145-8228-3FAE-9959-DC93CB44FD3E} = {7DEAE145-8228-3FAE-9959-DC93CB44FD3E}
		{503CA184-FC99-3F05-A620-3E726F3120E5} = {503CA184-FC99-3F05-A620-3E726F3120E5}
		{7F32AA89-8595-3AA4-A8D0-201DF6CEFA33} = {7F32AA89-8595-3AA4-A8D0-201DF6CEFA33}
		{BA1C5613-B6BF-3A7E-B22A-A8AD3F5CE325} = {BA1C5613-B6BF-3A7E-B22A-A8AD3F5CE325}
		{9851416B-EBAB-3054-A4A3-9FB570CBDA1A} = {9851416B-EBAB-3054-A4A3-9FB570CBDA1A}
		{44D36BA3-A005-30E8-AB4E-033545E83F9D} = {44D36BA3-A005-30E8-AB4E-033545E83F9D}
		{143549B5-466E-32C9-AD72-D0AE45D1B006} = {143549B5-466E-32C9-AD72-D0AE45D1B006}
		{4538640C-9BB2-3180-8843-891028E2CC28} = {4538640C-9BB2-3180-8843-891028E2CC28}
		{2D6DAAED-4B65-3949-80E2-0FE74532A65A} = {2D6DAAED-4B65-3949-80E2-0FE74532A65A}
		{5B9DC8FB-39AA-3178-90ED-03E6BBBBF00F} = {5B9DC8FB-39AA-3178-90ED-03E6BBBBF00F}
		{9B662987-626A-3419-8402-BD553FE7EE17} = {9B662987-626A-3419-8402-BD553FE7EE17}
	EndProjectSection
EndProject
Project("{8BC9CEB8-8B4A-11D0-8D11-00A0C91BC942}") = "ext_clipper", "..\..\external\clipper\ext_clipper.vcxproj", "{7DEAE145-8228-3FAE-9959-DC93CB44FD3E}"
	ProjectSection(ProjectDependencies) = postProject
		{8F68526E-E186-3257-BEAC-749A3713717E} = {8F68526E-E186-3257-BEAC-749A3713717E}
	EndProjectSection
EndProject
Project("{8BC9CEB8-8B4A-11D0-8D11-00A0C91BC942}") = "ext_convertUTF", "..\..\external\ConvertUTF\ext_convertUTF.vcxproj", "{503CA184-FC99-3F05-A620-3E726F3120E5}"
	ProjectSection(ProjectDependencies) = postProject
		{8F68526E-E186-3257-BEAC-749A3713717E} = {8F68526E-E186-3257-BEAC-749A3713717E}
	EndProjectSection
EndProject
Project("{8BC9CEB8-8B4A-11D0-8D11-00A0C91BC942}") = "ext_edtaa3func", "..\..\external\edtaa3func\ext_edtaa3func.vcxproj", "{7F32AA89-8595-3AA4-A8D0-201DF6CEFA33}"
	ProjectSection(ProjectDependencies) = postProject
		{8F68526E-E186-3257-BEAC-749A3713717E} = {8F68526E-E186-3257-BEAC-749A3713717E}
	EndProjectSection
EndProject
Project("{8BC9CEB8-8B4A-11D0-8D11-00A0C91BC942}") = "ext_md5", "..\..\external\md5\ext_md5.vcxproj", "{BA1C5613-B6BF-3A7E-B22A-A8AD3F5CE325}"
	ProjectSection(ProjectDependencies) = postProject
		{8F68526E-E186-3257-BEAC-749A3713717E} = {8F68526E-E186-3257-BEAC-749A3713717E}
	EndProjectSection
EndProject
Project("{8BC9CEB8-8B4A-11D0-8D11-00A0C91BC942}") = "ext_poly2tri", "..\..\external\poly2tri\ext_poly2tri.vcxproj", "{9851416B-EBAB-3054-A4A3-9FB570CBDA1A}"
	ProjectSection(ProjectDependencies) = postProject
		{8F68526E-E186-3257-BEAC-749A3713717E} = {8F68526E-E186-3257-BEAC-749A3713717E}
	EndProjectSection
EndProject
Project("{8BC9CEB8-8B4A-11D0-8D11-00A0C91BC942}") = "ext_recast", "..\..\external\recast\ext_recast.vcxproj", "{44D36BA3-A005-30E8-AB4E-033545E83F9D}"
	ProjectSection(ProjectDependencies) = postProject
		{8F68526E-E186-3257-BEAC-749A3713717E} = {8F68526E-E186-3257-BEAC-749A3713717E}
	EndProjectSection
EndProject
Project("{8BC9CEB8-8B4A-11D0-8D11-00A0C91BC942}") = "ext_tinyxml2", "..\..\external\tinyxml2\ext_tinyxml2.vcxproj", "{143549B5-466E-32C9-AD72-D0AE45D1B006}"
	ProjectSection(ProjectDependencies) = postProject
		{8F68526E-E186-3257-BEAC-749A3713717E} = {8F68526E-E186-3257-BEAC-749A3713717E}
	EndProjectSection
EndProject
Project("{8BC9CEB8-8B4A-11D0-8D11-00A0C91BC942}") = "ext_unzip", "..\..\external\unzip\ext_unzip.vcxproj", "{4538640C-9BB2-3180-8843-891028E2CC28}"
	ProjectSection(ProjectDependencies) = postProject
		{8F68526E-E186-3257-BEAC-749A3713717E} = {8F68526E-E186-3257-BEAC-749A3713717E}
	EndProjectSection
EndProject
Project("{8BC9CEB8-8B4A-11D0-8D11-00A0C91BC942}") = "ext_xxhash", "..\..\external\xxhash\ext_xxhash.vcxproj", "{2D6DAAED-4B65-3949-80E2-0FE74532A65A}"
	ProjectSection(ProjectDependencies) = postProject
		{8F68526E-E186-3257-BEAC-749A3713717E} = {8F68526E-E186-3257-BEAC-749A3713717E}
	EndProjectSection
EndProject
Project("{8BC9CEB8-8B4A-11D0-8D11-00A0C91BC942}") = "ext_xxtea", "..\..\external\xxtea\ext_xxtea.vcxproj", "{5B9DC8FB-39AA-3178-90ED-03E6BBBBF00F}"
	ProjectSection(ProjectDependencies) = postProject
		{8F68526E-E186-3257-BEAC-749A3713717E} = {8F68526E-E186-3257-BEAC-749A3713717E}
	EndProjectSection
EndProject
Project("{8BC9CEB8-8B4A-11D0-8D11-00A0C91BC942}") = "external", "..\..\external\external.vcxproj", "{9B662987-626A-3419-8402-BD553FE7EE17}"
	ProjectSection(ProjectDependencies) = postProject
		{8F68526E-E186-3257-BEAC-749A3713717E} = {8F68526E-E186-3257-BEAC-749A3713717E}
		{7DEAE145-8228-3FAE-9959-DC93CB44FD3E} = {7DEAE145-8228-3FAE-9959-DC93CB44FD3E}
		{503CA184-FC99-3F05-A620-3E726F3120E5} = {503CA184-FC99-3F05-A620-3E726F3120E5}
		{7F32AA89-8595-3AA4-A8D0-201DF6CEFA33} = {7F32AA89-8595-3AA4-A8D0-201DF6CEFA33}
		{BA1C5613-B6BF-3A7E-B22A-A8AD3F5CE325} = {BA1C5613-B6BF-3A7E-B22A-A8AD3F5CE325}
		{9851416B-EBAB-3054-A4A3-9FB570CBDA1A} = {9851416B-EBAB-3054-A4A3-9FB570CBDA1A}
		{44D36BA3-A005-30E8-AB4E-033545E83F9D} = {44D36BA3-A005-30E8-AB4E-033545E83F9D}
		{143549B5-466E-32C9-AD72-D0AE45D1B006} = {143549B5-466E-32C9-AD72-D0AE45D1B006}
		{4538640C-9BB2-3180-8843-891028E2CC28} = {4538640C-9BB2-3180-8843-891028E2CC28}
		{2D6DAAED-4B65-3949-80E2-0FE74532A65A} = {2D6DAAED-4B65-3949-80E2-0FE74532A65A}
		{5B9DC8FB-39AA-3178-90ED-03E6BBBBF00F} = {5B9DC8FB-39AA-3178-90ED-03E6BBBBF00F}
	EndProjectSection
EndProject
Global
	GlobalSection(SolutionConfigurationPlatforms) = preSolution
		Debug|Win32 = Debug|Win32
		Release|Win32 = Release|Win32
		MinSizeRel|Win32 = MinSizeRel|Win32
		RelWithDebInfo|Win32 = RelWithDebInfo|Win32
	EndGlobalSection
	GlobalSection(ProjectConfigurationPlatforms) = postSolution
		{9F16663A-E9D1-3BDF-8E8D-37A6688EE267}.Debug|Win32.ActiveCfg = Debug|Win32
		{9F16663A-E9D1-3BDF-8E8D-37A6688EE267}.Release|Win32.ActiveCfg = Release|Win32
		{9F16663A-E9D1-3BDF-8E8D-37A6688EE267}.MinSizeRel|Win32.ActiveCfg = MinSizeRel|Win32
		{9F16663A-E9D1-3BDF-8E8D-37A6688EE267}.RelWithDebInfo|Win32.ActiveCfg = RelWithDebInfo|Win32
		{8F68526E-E186-3257-BEAC-749A3713717E}.Debug|Win32.ActiveCfg = Debug|Win32
		{8F68526E-E186-3257-BEAC-749A3713717E}.Debug|Win32.Build.0 = Debug|Win32
		{8F68526E-E186-3257-BEAC-749A3713717E}.Release|Win32.ActiveCfg = Release|Win32
		{8F68526E-E186-3257-BEAC-749A3713717E}.Release|Win32.Build.0 = Release|Win32
		{8F68526E-E186-3257-BEAC-749A3713717E}.MinSizeRel|Win32.ActiveCfg = MinSizeRel|Win32
		{8F68526E-E186-3257-BEAC-749A3713717E}.MinSizeRel|Win32.Build.0 = MinSizeRel|Win32
		{8F68526E-E186-3257-BEAC-749A3713717E}.RelWithDebInfo|Win32.ActiveCfg = RelWithDebInfo|Win32
		{8F68526E-E186-3257-BEAC-749A3713717E}.RelWithDebInfo|Win32.Build.0 = RelWithDebInfo|Win32
		{9AACB421-B801-3C86-BA76-4D6DA120CF17}.Debug|Win32.ActiveCfg = Debug|Win32
		{9AACB421-B801-3C86-BA76-4D6DA120CF17}.Debug|Win32.Build.0 = Debug|Win32
		{9AACB421-B801-3C86-BA76-4D6DA120CF17}.Release|Win32.ActiveCfg = Release|Win32
		{9AACB421-B801-3C86-BA76-4D6DA120CF17}.Release|Win32.Build.0 = Release|Win32
		{9AACB421-B801-3C86-BA76-4D6DA120CF17}.MinSizeRel|Win32.ActiveCfg = MinSizeRel|Win32
		{9AACB421-B801-3C86-BA76-4D6DA120CF17}.MinSizeRel|Win32.Build.0 = MinSizeRel|Win32
		{9AACB421-B801-3C86-BA76-4D6DA120CF17}.RelWithDebInfo|Win32.ActiveCfg = RelWithDebInfo|Win32
		{9AACB421-B801-3C86-BA76-4D6DA120CF17}.RelWithDebInfo|Win32.Build.0 = RelWithDebInfo|Win32
		{7DEAE145-8228-3FAE-9959-DC93CB44FD3E}.Debug|Win32.ActiveCfg = Debug|Win32
		{7DEAE145-8228-3FAE-9959-DC93CB44FD3E}.Debug|Win32.Build.0 = Debug|Win32
		{7DEAE145-8228-3FAE-9959-DC93CB44FD3E}.Release|Win32.ActiveCfg = Release|Win32
		{7DEAE145-8228-3FAE-9959-DC93CB44FD3E}.Release|Win32.Build.0 = Release|Win32
		{7DEAE145-8228-3FAE-9959-DC93CB44FD3E}.MinSizeRel|Win32.ActiveCfg = MinSizeRel|Win32
		{7DEAE145-8228-3FAE-9959-DC93CB44FD3E}.MinSizeRel|Win32.Build.0 = MinSizeRel|Win32
		{7DEAE145-8228-3FAE-9959-DC93CB44FD3E}.RelWithDebInfo|Win32.ActiveCfg = RelWithDebInfo|Win32
		{7DEAE145-8228-3FAE-9959-DC93CB44FD3E}.RelWithDebInfo|Win32.Build.0 = RelWithDebInfo|Win32
		{503CA184-FC99-3F05-A620-3E726F3120E5}.Debug|Win32.ActiveCfg = Debug|Win32
		{503CA184-FC99-3F05-A620-3E726F3120E5}.Debug|Win32.Build.0 = Debug|Win32
		{503CA184-FC99-3F05-A620-3E726F3120E5}.Release|Win32.ActiveCfg = Release|Win32
		{503CA184-FC99-3F05-A620-3E726F3120E5}.Release|Win32.Build.0 = Release|Win32
		{503CA184-FC99-3F05-A620-3E726F3120E5}.MinSizeRel|Win32.ActiveCfg = MinSizeRel|Win32
		{503CA184-FC99-3F05-A620-3E726F3120E5}.MinSizeRel|Win32.Build.0 = MinSizeRel|Win32
		{503CA184-FC99-3F05-A620-3E726F3120E5}.RelWithDebInfo|Win32.ActiveCfg = RelWithDebInfo|Win32
		{503CA184-FC99-3F05-A620-3E726F3120E5}.RelWithDebInfo|Win32.Build.0 = RelWithDebInfo|Win32
		{7F32AA89-8595-3AA4-A8D0-201DF6CEFA33}.Debug|Win32.ActiveCfg = Debug|Win32
		{7F32AA89-8595-3AA4-A8D0-201DF6CEFA33}.Debug|Win32.Build.0 = Debug|Win32
		{7F32AA89-8595-3AA4-A8D0-201DF6CEFA33}.Release|Win32.ActiveCfg = Release|Win32
		{7F32AA89-8595-3AA4-A8D0-201DF6CEFA33}.Release|Win32.Build.0 = Release|Win32
		{7F32AA89-8595-3AA4-A8D0-201DF6CEFA33}.MinSizeRel|Win32.ActiveCfg = MinSizeRel|Win32
		{7F32AA89-8595-3AA4-A8D0-201DF6CEFA33}.MinSizeRel|Win32.Build.0 = MinSizeRel|Win32
		{7F32AA89-8595-3AA4-A8D0-201DF6CEFA33}.RelWithDebInfo|Win32.ActiveCfg = RelWithDebInfo|Win32
		{7F32AA89-8595-3AA4-A8D0-201DF6CEFA33}.RelWithDebInfo|Win32.Build.0 = RelWithDebInfo|Win32
		{BA1C5613-B6BF-3A7E-B22A-A8AD3F5CE325}.Debug|Win32.ActiveCfg = Debug|Win32
		{BA1C5613-B6BF-3A7E-B22A-A8AD3F5CE325}.Debug|Win32.Build.0 = Debug|Win32
		{BA1C5613-B6BF-3A7E-B22A-A8AD3F5CE325}.Release|Win32.ActiveCfg = Release|Win32
		{BA1C5613-B6BF-3A7E-B22A-A8AD3F5CE325}.Release|Win32.Build.0 = Release|Win32
		{BA1C5613-B6BF-3A7E-B22A-A8AD3F5CE325}.MinSizeRel|Win32.ActiveCfg = MinSizeRel|Win32
		{BA1C5613-B6BF-3A7E-B22A-A8AD3F5CE325}.MinSizeRel|Win32.Build.0 = MinSizeRel|Win32
		{BA1C5613-B6BF-3A7E-B22A-A8AD3F5CE325}.RelWithDebInfo|Win32.ActiveCfg = RelWithDebInfo|Win32
		{BA1C5613-B6BF-3A7E-B22A-A8AD3F5CE325}.RelWithDebInfo|Win32.Build.0 = RelWithDebInfo|Win32
		{9851416B-EBAB-3054-A4A3-9FB570CBDA1A}.Debug|Win32.ActiveCfg = Debug|Win32
		{9851416B-EBAB-3054-A4A3-9FB570CBDA1A}.Debug|Win32.Build.0 = Debug|Win32
		{9851416B-EBAB-3054-A4A3-9FB570CBDA1A}.Release|Win32.ActiveCfg = Release|Win32
		{9851416B-EBAB-3054-A4A3-9FB570CBDA1A}.Release|Win32.Build.0 = Release|Win32
		{9851416B-EBAB-3054-A4A3-9FB570CBDA1A}.MinSizeRel|Win32.ActiveCfg = MinSizeRel|Win32
		{9851416B-EBAB-3054-A4A3-9FB570CBDA1A}.MinSizeRel|Win32.Build.0 = MinSizeRel|Win32
		{9851416B-EBAB-3054-A4A3-9FB570CBDA1A}.RelWithDebInfo|Win32.ActiveCfg = RelWithDebInfo|Win32
		{9851416B-EBAB-3054-A4A3-9FB570CBDA1A}.RelWithDebInfo|Win32.Build.0 = RelWithDebInfo|Win32
		{44D36BA3-A005-30E8-AB4E-033545E83F9D}.Debug|Win32.ActiveCfg = Debug|Win32
		{44D36BA3-A005-30E8-AB4E-033545E83F9D}.Debug|Win32.Build.0 = Debug|Win32
		{44D36BA3-A005-30E8-AB4E-033545E83F9D}.Release|Win32.ActiveCfg = Release|Win32
		{44D36BA3-A005-30E8-AB4E-033545E83F9D}.Release|Win32.Build.0 = Release|Win32
		{44D36BA3-A005-30E8-AB4E-033545E83F9D}.MinSizeRel|Win32.ActiveCfg = MinSizeRel|Win32
		{44D36BA3-A005-30E8-AB4E-033545E83F9D}.MinSizeRel|Win32.Build.0 = MinSizeRel|Win32
		{44D36BA3-A005-30E8-AB4E-033545E83F9D}.RelWithDebInfo|Win32.ActiveCfg = RelWithDebInfo|Win32
		{44D36BA3-A005-30E8-AB4E-033545E83F9D}.RelWithDebInfo|Win32.Build.0 = RelWithDebInfo|Win32
		{143549B5-466E-32C9-AD72-D0AE45D1B006}.Debug|Win32.ActiveCfg = Debug|Win32
		{143549B5-466E-32C9-AD72-D0AE45D1B006}.Debug|Win32.Build.0 = Debug|Win32
		{143549B5-466E-32C9-AD72-D0AE45D1B006}.Release|Win32.ActiveCfg = Release|Win32
		{143549B5-466E-32C9-AD72-D0AE45D1B006}.Release|Win32.Build.0 = Release|Win32
		{143549B5-466E-32C9-AD72-D0AE45D1B006}.MinSizeRel|Win32.ActiveCfg = MinSizeRel|Win32
		{143549B5-466E-32C9-AD72-D0AE45D1B006}.MinSizeRel|Win32.Build.0 = MinSizeRel|Win32
		{143549B5-466E-32C9-AD72-D0AE45D1B006}.RelWithDebInfo|Win32.ActiveCfg = RelWithDebInfo|Win32
		{143549B5-466E-32C9-AD72-D0AE45D1B006}.RelWithDebInfo|Win32.Build.0 = RelWithDebInfo|Win32
		{4538640C-9BB2-3180-8843-891028E2CC28}.Debug|Win32.ActiveCfg = Debug|Win32
		{4538640C-9BB2-3180-8843-891028E2CC28}.Debug|Win32.Build.0 = Debug|Win32
		{4538640C-9BB2-3180-8843-891028E2CC28}.Release|Win32.ActiveCfg = Release|Win32
		{4538640C-9BB2-3180-8843-891028E2CC28}.Release|Win32.Build.0 = Release|Win32
		{4538640C-9BB2-3180-8843-891028E2CC28}.MinSizeRel|Win32.ActiveCfg = MinSizeRel|Win32
		{4538640C-9BB2-3180-8843-891028E2CC28}.MinSizeRel|Win32.Build.0 = MinSizeRel|Win32
		{4538640C-9BB2-3180-8843-891028E2CC28}.RelWithDebInfo|Win32.ActiveCfg = RelWithDebInfo|Win32
		{4538640C-9BB2-3180-8843-891028E2CC28}.RelWithDebInfo|Win32.Build.0 = RelWithDebInfo|Win32
		{2D6DAAED-4B65-3949-80E2-0FE74532A65A}.Debug|Win32.ActiveCfg = Debug|Win32
		{2D6DAAED-4B65-3949-80E2-0FE74532A65A}.Debug|Win32.Build.0 = Debug|Win32
		{2D6DAAED-4B65-3949-80E2-0FE74532A65A}.Release|Win32.ActiveCfg = Release|Win32
		{2D6DAAED-4B65-3949-80E2-0FE74532A65A}.Release|Win32.Build.0 = Release|Win32
		{2D6DAAED-4B65-3949-80E2-0FE74532A65A}.MinSizeRel|Win32.ActiveCfg = MinSizeRel|Win32
		{2D6DAAED-4B65-3949-80E2-0FE74532A65A}.MinSizeRel|Win32.Build.0 = MinSizeRel|Win32
		{2D6DAAED-4B65-3949-80E2-0FE74532A65A}.RelWithDebInfo|Win32.ActiveCfg = RelWithDebInfo|Win32
		{2D6DAAED-4B65-3949-80E2-0FE74532A65A}.RelWithDebInfo|Win32.Build.0 = RelWithDebInfo|Win32
		{5B9DC8FB-39AA-3178-90ED-03E6BBBBF00F}.Debug|Win32.ActiveCfg = Debug|Win32
		{5B9DC8FB-39AA-3178-90ED-03E6BBBBF00F}.Debug|Win32.Build.0 = Debug|Win32
		{5B9DC8FB-39AA-3178-90ED-03E6BBBBF00F}.Release|Win32.ActiveCfg = Release|Win32
		{5B9DC8FB-39AA-3178-90ED-03E6BBBBF00F}.Release|Win32.Build.0 = Release|Win32
		{5B9DC8FB-39AA-3178-90ED-03E6BBBBF00F}.MinSizeRel|Win32.ActiveCfg = MinSizeRel|Win32
		{5B9DC8FB-39AA-3178-90ED-03E6BBBBF00F}.MinSizeRel|Win32.Build.0 = MinSizeRel|Win32
		{5B9DC8FB-39AA-3178-90ED-03E6BBBBF00F}.RelWithDebInfo|Win32.ActiveCfg = RelWithDebInfo|Win32
		{5B9DC8FB-39AA-3178-90ED-03E6BBBBF00F}.RelWithDebInfo|Win32.Build.0 = RelWithDebInfo|Win32
		{9B662987-626A-3419-8402-BD553FE7EE17}.Debug|Win32.ActiveCfg = Debug|Win32
		{9B662987-626A-3419-8402-BD553FE7EE17}.Debug|Win32.Build.0 = Debug|Win32
		{9B662987-626A-3419-8402-BD553FE7EE17}.Release|Win32.ActiveCfg = Release|Win32
		{9B662987-626A-3419-8402-BD553FE7EE17}.Release|Win32.Build.0 = Release|Win32
		{9B662987-626A-3419-8402-BD553FE7EE17}.MinSizeRel|Win32.ActiveCfg = MinSizeRel|Win32
		{9B662987-626A-3419-8402-BD553FE7EE17}.MinSizeRel|Win32.Build.0 = MinSizeRel|Win32
		{9B662987-626A-3419-8402-BD553FE7EE17}.RelWithDebInfo|Win32.ActiveCfg = RelWithDebInfo|Win32
		{9B662987-626A-3419-8402-BD553FE7EE17}.RelWithDebInfo|Win32.Build.0 = RelWithDebInfo|Win32
	EndGlobalSection
	GlobalSection(NestedProjects) = preSolution
		{9F16663A-E9D1-3BDF-8E8D-37A6688EE267} = {E1B7E680-0CB1-3C68-9C67-480C22A0BC0D}
		{8F68526E-E186-3257-BEAC-749A3713717E} = {E1B7E680-0CB1-3C68-9C67-480C22A0BC0D}
		{7DEAE145-8228-3FAE-9959-DC93CB44FD3E} = {31C4B3B8-6506-3C8C-A8A3-DBF011EA678E}
		{503CA184-FC99-3F05-A620-3E726F3120E5} = {31C4B3B8-6506-3C8C-A8A3-DBF011EA678E}
		{7F32AA89-8595-3AA4-A8D0-201DF6CEFA33} = {31C4B3B8-6506-3C8C-A8A3-DBF011EA678E}
		{BA1C5613-B6BF-3A7E-B22A-A8AD3F5CE325} = {31C4B3B8-6506-3C8C-A8A3-DBF011EA678E}
		{9851416B-EBAB-3054-A4A3-9FB570CBDA1A} = {31C4B3B8-6506-3C8C-A8A3-DBF011EA678E}
		{44D36BA3-A005-30E8-AB4E-033545E83F9D} = {31C4B3B8-6506-3C8C-A8A3-DBF011EA678E}
		{143549B5-466E-32C9-AD72-D0AE45D1B006} = {31C4B3B8-6506-3C8C-A8A3-DBF011EA678E}
		{4538640C-9BB2-3180-8843-891028E2CC28} = {31C4B3B8-6506-3C8C-A8A3-DBF011EA678E}
		{2D6DAAED-4B65-3949-80E2-0FE74532A65A} = {31C4B3B8-6506-3C8C-A8A3-DBF011EA678E}
		{5B9DC8FB-39AA-3178-90ED-03E6BBBBF00F} = {31C4B3B8-6506-3C8C-A8A3-DBF011EA678E}
		{9B662987-626A-3419-8402-BD553FE7EE17} = {31C4B3B8-6506-3C8C-A8A3-DBF011EA678E}
		{9AACB421-B801-3C86-BA76-4D6DA120CF17} = {36E75BC3-75C5-34A2-A1EE-BBA572E95A7C}
	EndGlobalSection
	GlobalSection(ExtensibilityGlobals) = postSolution
		SolutionGuid = {BDA46FFF-5A51-37FE-B360-A866113DF333}
	EndGlobalSection
	GlobalSection(ExtensibilityAddIns) = postSolution
	EndGlobalSection
EndGlobal
